
Microsoft Visual Studio Solution File, Format Version 12.00
# Visual Studio Version 16
VisualStudioVersion = 16.0.29521.150
MinimumVisualStudioVersion = 10.0.40219.1
Project("{9A19103F-16F7-4668-BE54-9A1E7A4F7556}") = "SpeakerPoolApp", "SpeakerPoolApp\SpeakerPoolApp.csproj", "{68CA0E95-1190-4FE6-88A2-72DC38E2CEE1}"
EndProject
Project("{9A19103F-16F7-4668-BE54-9A1E7A4F7556}") = "SpeakerPoolApp.Core", "SpeakerPoolApp.Core\SpeakerPoolApp.Core.csproj", "{23A17059-8547-4E4D-8EB6-E2A692FF0043}"
EndProject
Project("{FAE04EC0-301F-11D3-BF4B-00C04F79EFBC}") = "SpeakerPoolApp.Data", "SpeakerPoolApp.Data\SpeakerPoolApp.Data.csproj", "{8093A7CC-FA45-422C-AA43-CE4ADAE2EE03}"
EndProject
Global
	GlobalSection(SolutionConfigurationPlatforms) = preSolution
		Debug|Any CPU = Debug|Any CPU
		Release|Any CPU = Release|Any CPU
	EndGlobalSection
	GlobalSection(ProjectConfigurationPlatforms) = postSolution
		{68CA0E95-1190-4FE6-88A2-72DC38E2CEE1}.Debug|Any CPU.ActiveCfg = Debug|Any CPU
		{68CA0E95-1190-4FE6-88A2-72DC38E2CEE1}.Debug|Any CPU.Build.0 = Debug|Any CPU
		{68CA0E95-1190-4FE6-88A2-72DC38E2CEE1}.Release|Any CPU.ActiveCfg = Release|Any CPU
		{68CA0E95-1190-4FE6-88A2-72DC38E2CEE1}.Release|Any CPU.Build.0 = Release|Any CPU
		{23A17059-8547-4E4D-8EB6-E2A692FF0043}.Debug|Any CPU.ActiveCfg = Debug|Any CPU
		{23A17059-8547-4E4D-8EB6-E2A692FF0043}.Debug|Any CPU.Build.0 = Debug|Any CPU
		{23A17059-8547-4E4D-8EB6-E2A692FF0043}.Release|Any CPU.ActiveCfg = Release|Any CPU
		{23A17059-8547-4E4D-8EB6-E2A692FF0043}.Release|Any CPU.Build.0 = Release|Any CPU
		{8093A7CC-FA45-422C-AA43-CE4ADAE2EE03}.Debug|Any CPU.ActiveCfg = Debug|Any CPU
		{8093A7CC-FA45-422C-AA43-CE4ADAE2EE03}.Debug|Any CPU.Build.0 = Debug|Any CPU
		{8093A7CC-FA45-422C-AA43-CE4ADAE2EE03}.Release|Any CPU.ActiveCfg = Release|Any CPU
		{8093A7CC-FA45-422C-AA43-CE4ADAE2EE03}.Release|Any CPU.Build.0 = Release|Any CPU
	EndGlobalSection
	GlobalSection(SolutionProperties) = preSolution
		HideSolutionNode = FALSE
	EndGlobalSection
	GlobalSection(ExtensibilityGlobals) = postSolution
		SolutionGuid = {ADAB5C15-2810-4B06-87E4-ADC19A608B31}
	EndGlobalSection
EndGlobal
